PODS:
  - background_fetch (1.3.5):
    - Flutter
  - Flutter (1.0.0)
  - geolocator_apple (1.2.0):
    - Flutter
  - volume_watcher (0.0.1):
    - Flutter

DEPENDENCIES:
  - background_fetch (from `.symlinks/plugins/background_fetch/ios`)
  - Flutter (from `Flutter`)
  - geolocator_apple (from `.symlinks/plugins/geolocator_apple/ios`)
  - volume_watcher (from `.symlinks/plugins/volume_watcher/ios`)

EXTERNAL SOURCES:
  background_fetch:
    :path: ".symlinks/plugins/background_fetch/ios"
  Flutter:
    :path: Flutter
  geolocator_apple:
    :path: ".symlinks/plugins/geolocator_apple/ios"
  volume_watcher:
    :path: ".symlinks/plugins/volume_watcher/ios"

SPEC CHECKSUMS:
  background_fetch: f73d045fee3d313ea8c0afa205317bff8a6bf8d2
  Flutter: e0871f40cf51350855a761d2e70bf5af5b9b5de7
  geolocator_apple: 6cbaf322953988e009e5ecb481f07efece75c450
  volume_watcher: 6271ae8f78dfafa401c8dac4d117c35576568693

PODFILE CHECKSUM: 819463e6a0290f5a72f145ba7cde16e8b6ef0796

COCOAPODS: 1.15.2
